
Microsoft Visual Studio Solution File, Format Version 12.00
# Visual Studio Version 17
VisualStudioVersion = 17.0.31903.59
MinimumVisualStudioVersion = 10.0.40219.1
Project("{FAE04EC0-301F-11D3-BF4B-00C04F79EFBC}") = "SagaChallenge1", "Challenge#1\SagaChallenge1.csproj", "{C916CECF-E271-455C-ABD7-C031E5E48454}"
EndProject
Project("{FAE04EC0-301F-11D3-BF4B-00C04F79EFBC}") = "SagaChallenge2", "Challenge#2\SagaChallenge2.csproj", "{6C61EB99-A332-42E9-8CE9-181439F14A6A}"
EndProject
Project("{FAE04EC0-301F-11D3-BF4B-00C04F79EFBC}") = "SagaChallenge3", "Challenge#3\SagaChallenge3.csproj", "{47D8129B-27C5-46EB-A863-877FB217B762}"
EndProject
Project("{FAE04EC0-301F-11D3-BF4B-00C04F79EFBC}") = "OrderWebApi", "Sample\AspNet\OrderWebApi.csproj", "{20C7C89A-73E4-4288-AC4A-71C0347A9C98}"
EndProject
Project("{2150E333-8FDC-42A3-9474-1A3956D46DE8}") = "Sample", "Sample", "{418E2FD5-2875-4C5A-AA44-ABE92C0B1FC5}"
EndProject
Project("{2150E333-8FDC-42A3-9474-1A3956D46DE8}") = "Challenges", "Challenges", "{C332DE68-BCBD-47B8-BF83-90BE75FFD1F7}"
EndProject
Global
	GlobalSection(SolutionConfigurationPlatforms) = preSolution
		Debug|Any CPU = Debug|Any CPU
		Release|Any CPU = Release|Any CPU
	EndGlobalSection
	GlobalSection(SolutionProperties) = preSolution
		HideSolutionNode = FALSE
	EndGlobalSection
	GlobalSection(ProjectConfigurationPlatforms) = postSolution
		{C916CECF-E271-455C-ABD7-C031E5E48454}.Debug|Any CPU.ActiveCfg = Debug|Any CPU
		{C916CECF-E271-455C-ABD7-C031E5E48454}.Debug|Any CPU.Build.0 = Debug|Any CPU
		{C916CECF-E271-455C-ABD7-C031E5E48454}.Release|Any CPU.ActiveCfg = Release|Any CPU
		{C916CECF-E271-455C-ABD7-C031E5E48454}.Release|Any CPU.Build.0 = Release|Any CPU
		{6C61EB99-A332-42E9-8CE9-181439F14A6A}.Debug|Any CPU.ActiveCfg = Debug|Any CPU
		{6C61EB99-A332-42E9-8CE9-181439F14A6A}.Debug|Any CPU.Build.0 = Debug|Any CPU
		{6C61EB99-A332-42E9-8CE9-181439F14A6A}.Release|Any CPU.ActiveCfg = Release|Any CPU
		{6C61EB99-A332-42E9-8CE9-181439F14A6A}.Release|Any CPU.Build.0 = Release|Any CPU
		{47D8129B-27C5-46EB-A863-877FB217B762}.Debug|Any CPU.ActiveCfg = Debug|Any CPU
		{47D8129B-27C5-46EB-A863-877FB217B762}.Debug|Any CPU.Build.0 = Debug|Any CPU
		{47D8129B-27C5-46EB-A863-877FB217B762}.Release|Any CPU.ActiveCfg = Release|Any CPU
		{47D8129B-27C5-46EB-A863-877FB217B762}.Release|Any CPU.Build.0 = Release|Any CPU
		{20C7C89A-73E4-4288-AC4A-71C0347A9C98}.Debug|Any CPU.ActiveCfg = Debug|Any CPU
		{20C7C89A-73E4-4288-AC4A-71C0347A9C98}.Debug|Any CPU.Build.0 = Debug|Any CPU
		{20C7C89A-73E4-4288-AC4A-71C0347A9C98}.Release|Any CPU.ActiveCfg = Release|Any CPU
		{20C7C89A-73E4-4288-AC4A-71C0347A9C98}.Release|Any CPU.Build.0 = Release|Any CPU
	EndGlobalSection
	GlobalSection(NestedProjects) = preSolution
		{20C7C89A-73E4-4288-AC4A-71C0347A9C98} = {418E2FD5-2875-4C5A-AA44-ABE92C0B1FC5}
		{C916CECF-E271-455C-ABD7-C031E5E48454} = {C332DE68-BCBD-47B8-BF83-90BE75FFD1F7}
		{6C61EB99-A332-42E9-8CE9-181439F14A6A} = {C332DE68-BCBD-47B8-BF83-90BE75FFD1F7}
		{47D8129B-27C5-46EB-A863-877FB217B762} = {C332DE68-BCBD-47B8-BF83-90BE75FFD1F7}
	EndGlobalSection
EndGlobal
